
Microsoft Visual Studio Solution File, Format Version 12.00
# Visual Studio Version 17
VisualStudioVersion = 17.5.33516.290
MinimumVisualStudioVersion = 10.0.40219.1
Project("{FAE04EC0-301F-11D3-BF4B-00C04F79EFBC}") = "EnterpriseX.Android", "EnterpriseX.Android\EnterpriseX.Android.csproj", "{67751ACF-3363-4DE9-B6F4-0F1267FC37F1}"
EndProject
Project("{FAE04EC0-301F-11D3-BF4B-00C04F79EFBC}") = "EnterpriseX.iOS", "EnterpriseX.iOS\EnterpriseX.iOS.csproj", "{93677075-7479-4991-B5FE-AC0452159C26}"
EndProject
Project("{FAE04EC0-301F-11D3-BF4B-00C04F79EFBC}") = "EnterpriseX", "EnterpriseX\EnterpriseX.csproj", "{3283D6B1-EB2D-4DED-A5E2-760C4CABA6C3}"
EndProject
Global
	GlobalSection(SolutionConfigurationPlatforms) = preSolution
		Debug|Any CPU = Debug|Any CPU
		Debug|iPhone = Debug|iPhone
		Debug|iPhoneSimulator = Debug|iPhoneSimulator
		Release|Any CPU = Release|Any CPU
		Release|iPhone = Release|iPhone
		Release|iPhoneSimulator = Release|iPhoneSimulator
	EndGlobalSection
	GlobalSection(ProjectConfigurationPlatforms) = postSolution
		{67751ACF-3363-4DE9-B6F4-0F1267FC37F1}.Debug|Any CPU.ActiveCfg = Debug|Any CPU
		{67751ACF-3363-4DE9-B6F4-0F1267FC37F1}.Debug|Any CPU.Build.0 = Debug|Any CPU
		{67751ACF-3363-4DE9-B6F4-0F1267FC37F1}.Debug|Any CPU.Deploy.0 = Debug|Any CPU
		{67751ACF-3363-4DE9-B6F4-0F1267FC37F1}.Debug|iPhone.ActiveCfg = Debug|Any CPU
		{67751ACF-3363-4DE9-B6F4-0F1267FC37F1}.Debug|iPhone.Build.0 = Debug|Any CPU
		{67751ACF-3363-4DE9-B6F4-0F1267FC37F1}.Debug|iPhone.Deploy.0 = Debug|Any CPU
		{67751ACF-3363-4DE9-B6F4-0F1267FC37F1}.Debug|iPhoneSimulator.ActiveCfg = Debug|Any CPU
		{67751ACF-3363-4DE9-B6F4-0F1267FC37F1}.Debug|iPhoneSimulator.Build.0 = Debug|Any CPU
		{67751ACF-3363-4DE9-B6F4-0F1267FC37F1}.Debug|iPhoneSimulator.Deploy.0 = Debug|Any CPU
		{67751ACF-3363-4DE9-B6F4-0F1267FC37F1}.Release|Any CPU.ActiveCfg = Release|Any CPU
		{67751ACF-3363-4DE9-B6F4-0F1267FC37F1}.Release|Any CPU.Build.0 = Release|Any CPU
		{67751ACF-3363-4DE9-B6F4-0F1267FC37F1}.Release|Any CPU.Deploy.0 = Release|Any CPU
		{67751ACF-3363-4DE9-B6F4-0F1267FC37F1}.Release|iPhone.ActiveCfg = Release|Any CPU
		{67751ACF-3363-4DE9-B6F4-0F1267FC37F1}.Release|iPhone.Build.0 = Release|Any CPU
		{67751ACF-3363-4DE9-B6F4-0F1267FC37F1}.Release|iPhone.Deploy.0 = Release|Any CPU
		{67751ACF-3363-4DE9-B6F4-0F1267FC37F1}.Release|iPhoneSimulator.ActiveCfg = Release|Any CPU
		{67751ACF-3363-4DE9-B6F4-0F1267FC37F1}.Release|iPhoneSimulator.Build.0 = Release|Any CPU
		{67751ACF-3363-4DE9-B6F4-0F1267FC37F1}.Release|iPhoneSimulator.Deploy.0 = Release|Any CPU
		{93677075-7479-4991-B5FE-AC0452159C26}.Debug|Any CPU.ActiveCfg = Debug|iPhone
		{93677075-7479-4991-B5FE-AC0452159C26}.Debug|Any CPU.Build.0 = Debug|iPhone
		{93677075-7479-4991-B5FE-AC0452159C26}.Debug|Any CPU.Deploy.0 = Debug|iPhone
		{93677075-7479-4991-B5FE-AC0452159C26}.Debug|iPhone.ActiveCfg = Debug|iPhone
		{93677075-7479-4991-B5FE-AC0452159C26}.Debug|iPhone.Build.0 = Debug|iPhone
		{93677075-7479-4991-B5FE-AC0452159C26}.Debug|iPhone.Deploy.0 = Debug|iPhone
		{93677075-7479-4991-B5FE-AC0452159C26}.Debug|iPhoneSimulator.ActiveCfg = Debug|iPhoneSimulator
		{93677075-7479-4991-B5FE-AC0452159C26}.Debug|iPhoneSimulator.Build.0 = Debug|iPhoneSimulator
		{93677075-7479-4991-B5FE-AC0452159C26}.Debug|iPhoneSimulator.Deploy.0 = Debug|iPhoneSimulator
		{93677075-7479-4991-B5FE-AC0452159C26}.Release|Any CPU.ActiveCfg = Release|iPhoneSimulator
		{93677075-7479-4991-B5FE-AC0452159C26}.Release|Any CPU.Build.0 = Release|iPhoneSimulator
		{93677075-7479-4991-B5FE-AC0452159C26}.Release|Any CPU.Deploy.0 = Release|iPhoneSimulator
		{93677075-7479-4991-B5FE-AC0452159C26}.Release|iPhone.ActiveCfg = Release|iPhone
		{93677075-7479-4991-B5FE-AC0452159C26}.Release|iPhone.Build.0 = Release|iPhone
		{93677075-7479-4991-B5FE-AC0452159C26}.Release|iPhone.Deploy.0 = Release|iPhone
		{93677075-7479-4991-B5FE-AC0452159C26}.Release|iPhoneSimulator.ActiveCfg = Release|iPhoneSimulator
		{93677075-7479-4991-B5FE-AC0452159C26}.Release|iPhoneSimulator.Build.0 = Release|iPhoneSimulator
		{93677075-7479-4991-B5FE-AC0452159C26}.Release|iPhoneSimulator.Deploy.0 = Release|iPhoneSimulator
		{3283D6B1-EB2D-4DED-A5E2-760C4CABA6C3}.Debug|Any CPU.ActiveCfg = Debug|Any CPU
		{3283D6B1-EB2D-4DED-A5E2-760C4CABA6C3}.Debug|Any CPU.Build.0 = Debug|Any CPU
		{3283D6B1-EB2D-4DED-A5E2-760C4CABA6C3}.Debug|Any CPU.Deploy.0 = Debug|Any CPU
		{3283D6B1-EB2D-4DED-A5E2-760C4CABA6C3}.Debug|iPhone.ActiveCfg = Debug|Any CPU
		{3283D6B1-EB2D-4DED-A5E2-760C4CABA6C3}.Debug|iPhone.Build.0 = Debug|Any CPU
		{3283D6B1-EB2D-4DED-A5E2-760C4CABA6C3}.Debug|iPhone.Deploy.0 = Debug|Any CPU
		{3283D6B1-EB2D-4DED-A5E2-760C4CABA6C3}.Debug|iPhoneSimulator.ActiveCfg = Debug|Any CPU
		{3283D6B1-EB2D-4DED-A5E2-760C4CABA6C3}.Debug|iPhoneSimulator.Build.0 = Debug|Any CPU
		{3283D6B1-EB2D-4DED-A5E2-760C4CABA6C3}.Debug|iPhoneSimulator.Deploy.0 = Debug|Any CPU
		{3283D6B1-EB2D-4DED-A5E2-760C4CABA6C3}.Release|Any CPU.ActiveCfg = Release|Any CPU
		{3283D6B1-EB2D-4DED-A5E2-760C4CABA6C3}.Release|Any CPU.Build.0 = Release|Any CPU
		{3283D6B1-EB2D-4DED-A5E2-760C4CABA6C3}.Release|Any CPU.Deploy.0 = Release|Any CPU
		{3283D6B1-EB2D-4DED-A5E2-760C4CABA6C3}.Release|iPhone.ActiveCfg = Release|Any CPU
		{3283D6B1-EB2D-4DED-A5E2-760C4CABA6C3}.Release|iPhone.Build.0 = Release|Any CPU
		{3283D6B1-EB2D-4DED-A5E2-760C4CABA6C3}.Release|iPhone.Deploy.0 = Release|Any CPU
		{3283D6B1-EB2D-4DED-A5E2-760C4CABA6C3}.Release|iPhoneSimulator.ActiveCfg = Release|Any CPU
		{3283D6B1-EB2D-4DED-A5E2-760C4CABA6C3}.Release|iPhoneSimulator.Build.0 = Release|Any CPU
		{3283D6B1-EB2D-4DED-A5E2-760C4CABA6C3}.Release|iPhoneSimulator.Deploy.0 = Release|Any CPU
	EndGlobalSection
	GlobalSection(SolutionProperties) = preSolution
		HideSolutionNode = FALSE
	EndGlobalSection
	GlobalSection(ExtensibilityGlobals) = postSolution
		SolutionGuid = {E26E8AE8-8D37-4A58-8A25-E731EAACA1F1}
	EndGlobalSection
EndGlobal
